
Microsoft Visual Studio Solution File, Format Version 12.00
Project("{FAE04EC0-301F-11D3-BF4B-00C04F79EFBC}") = "Receivables", "Receivables\Receivables.csproj", "{8366AEDE-6458-4B79-ACA9-80FCD636A2ED}"
EndProject
Project("{2150E333-8FDC-42A3-9474-1A3956D46DE8}") = "Solution Items", "Solution Items", "{43837039-C258-4C74-8869-DB721BEFA20D}"
	ProjectSection(SolutionItems) = preProject
		docker-compose.yml = docker-compose.yml
		init.sql = init.sql
		DockerFileDb = DockerFileDb
		entrypoint.sh = entrypoint.sh
		configure-db.sh = configure-db.sh
	EndProjectSection
EndProject
Global
	GlobalSection(SolutionConfigurationPlatforms) = preSolution
		Debug|Any CPU = Debug|Any CPU
		Release|Any CPU = Release|Any CPU
	EndGlobalSection
	GlobalSection(ProjectConfigurationPlatforms) = postSolution
		{8366AEDE-6458-4B79-ACA9-80FCD636A2ED}.Debug|Any CPU.ActiveCfg = Debug|Any CPU
		{8366AEDE-6458-4B79-ACA9-80FCD636A2ED}.Debug|Any CPU.Build.0 = Debug|Any CPU
		{8366AEDE-6458-4B79-ACA9-80FCD636A2ED}.Release|Any CPU.ActiveCfg = Release|Any CPU
		{8366AEDE-6458-4B79-ACA9-80FCD636A2ED}.Release|Any CPU.Build.0 = Release|Any CPU
	EndGlobalSection
EndGlobal
